
Microsoft Visual Studio Solution File, Format Version 12.00
# Visual Studio Version 17
VisualStudioVersion = 17.8.34511.84
MinimumVisualStudioVersion = 10.0.40219.1
Project("{FAE04EC0-301F-11D3-BF4B-00C04F79EFBC}") = "PracticaProgramada1", "PracticaProgramada1\PracticaProgramada1.csproj", "{8F48BA62-E3A2-4064-9933-437737B1D232}"
EndProject
Global
	GlobalSection(SolutionConfigurationPlatforms) = preSolution
		Debug|Any CPU = Debug|Any CPU
		Release|Any CPU = Release|Any CPU
	EndGlobalSection
	GlobalSection(ProjectConfigurationPlatforms) = postSolution
		{8F48BA62-E3A2-4064-9933-437737B1D232}.Debug|Any CPU.ActiveCfg = Debug|Any CPU
		{8F48BA62-E3A2-4064-9933-437737B1D232}.Debug|Any CPU.Build.0 = Debug|Any CPU
		{8F48BA62-E3A2-4064-9933-437737B1D232}.Release|Any CPU.ActiveCfg = Release|Any CPU
		{8F48BA62-E3A2-4064-9933-437737B1D232}.Release|Any CPU.Build.0 = Release|Any CPU
	EndGlobalSection
	GlobalSection(SolutionProperties) = preSolution
		HideSolutionNode = FALSE
	EndGlobalSection
	GlobalSection(ExtensibilityGlobals) = postSolution
		SolutionGuid = {2E83B6DD-BDB1-4C6A-9147-287CF7FE27FA}
	EndGlobalSection
EndGlobal
